
Microsoft Visual Studio Solution File, Format Version 12.00
# Visual Studio 2013
VisualStudioVersion = 12.0.31101.0
MinimumVisualStudioVersion = 10.0.40219.1
Project("{FAE04EC0-301F-11D3-BF4B-00C04F79EFBC}") = "FootballManager", "FootballManager\FootballManager.csproj", "{66D348E4-9989-4953-A2D5-DB207D575CF5}"
EndProject
Project("{FAE04EC0-301F-11D3-BF4B-00C04F79EFBC}") = "FootballManager.Tests", "FootballManager.Tests\FootballManager.Tests.csproj", "{DD5600A2-5967-4BEC-B2C8-254704CAFB27}"
EndProject
Project("{2150E333-8FDC-42A3-9474-1A3956D46DE8}") = ".nuget", ".nuget", "{C9208FCC-9524-4AAB-92F5-8D8765C61254}"
	ProjectSection(SolutionItems) = preProject
		.nuget\NuGet.Config = .nuget\NuGet.Config
		.nuget\NuGet.exe = .nuget\NuGet.exe
		.nuget\NuGet.targets = .nuget\NuGet.targets
	EndProjectSection
EndProject
Global
	GlobalSection(SolutionConfigurationPlatforms) = preSolution
		Debug|Any CPU = Debug|Any CPU
		Release|Any CPU = Release|Any CPU
	EndGlobalSection
	GlobalSection(ProjectConfigurationPlatforms) = postSolution
		{66D348E4-9989-4953-A2D5-DB207D575CF5}.Debug|Any CPU.ActiveCfg = Debug|Any CPU
		{66D348E4-9989-4953-A2D5-DB207D575CF5}.Debug|Any CPU.Build.0 = Debug|Any CPU
		{66D348E4-9989-4953-A2D5-DB207D575CF5}.Release|Any CPU.ActiveCfg = Release|Any CPU
		{66D348E4-9989-4953-A2D5-DB207D575CF5}.Release|Any CPU.Build.0 = Release|Any CPU
		{DD5600A2-5967-4BEC-B2C8-254704CAFB27}.Debug|Any CPU.ActiveCfg = Debug|Any CPU
		{DD5600A2-5967-4BEC-B2C8-254704CAFB27}.Debug|Any CPU.Build.0 = Debug|Any CPU
		{DD5600A2-5967-4BEC-B2C8-254704CAFB27}.Release|Any CPU.ActiveCfg = Release|Any CPU
		{DD5600A2-5967-4BEC-B2C8-254704CAFB27}.Release|Any CPU.Build.0 = Release|Any CPU
	EndGlobalSection
	GlobalSection(SolutionProperties) = preSolution
		HideSolutionNode = FALSE
	EndGlobalSection
EndGlobal
